
Microsoft Visual Studio Solution File, Format Version 12.00
# Visual Studio 2012
Project("{FAE04EC0-301F-11D3-BF4B-00C04F79EFBC}") = "HyperMap", "HyperMap\HyperMap.csproj", "{CBA84BA5-E2D1-42B2-938D-E1B97617608E}"
EndProject
Project("{FAE04EC0-301F-11D3-BF4B-00C04F79EFBC}") = "HyperMap.Test", "HyperMap.Test\HyperMap.Test.csproj", "{3B7123BA-C92F-438A-872F-D25F767F9DF6}"
EndProject
Global
	GlobalSection(SolutionConfigurationPlatforms) = preSolution
		Debug|Any CPU = Debug|Any CPU
		Release|Any CPU = Release|Any CPU
	EndGlobalSection
	GlobalSection(ProjectConfigurationPlatforms) = postSolution
		{CBA84BA5-E2D1-42B2-938D-E1B97617608E}.Debug|Any CPU.ActiveCfg = Debug|Any CPU
		{CBA84BA5-E2D1-42B2-938D-E1B97617608E}.Debug|Any CPU.Build.0 = Debug|Any CPU
		{CBA84BA5-E2D1-42B2-938D-E1B97617608E}.Release|Any CPU.ActiveCfg = Release|Any CPU
		{CBA84BA5-E2D1-42B2-938D-E1B97617608E}.Release|Any CPU.Build.0 = Release|Any CPU
		{3B7123BA-C92F-438A-872F-D25F767F9DF6}.Debug|Any CPU.ActiveCfg = Debug|Any CPU
		{3B7123BA-C92F-438A-872F-D25F767F9DF6}.Debug|Any CPU.Build.0 = Debug|Any CPU
		{3B7123BA-C92F-438A-872F-D25F767F9DF6}.Release|Any CPU.ActiveCfg = Release|Any CPU
		{3B7123BA-C92F-438A-872F-D25F767F9DF6}.Release|Any CPU.Build.0 = Release|Any CPU
	EndGlobalSection
	GlobalSection(SolutionProperties) = preSolution
		HideSolutionNode = FALSE
	EndGlobalSection
EndGlobal
